[[package]]
name = "abydos"
version = "0.5.0"
description = "Abydos NLP/IR library"
category = "main"
optional = false
python-versions = "~=3.5"

[package.dependencies]
deprecation = "*"
numpy = "*"

[[package]]
name = "deprecation"
version = "2.1.0"
description = "A library to handle automated deprecations"
category = "main"
optional = false
python-versions = "*"

[package.dependencies]
packaging = "*"

[[package]]
name = "jellyfish"
version = "0.9.0"
description = "a library for doing approximate and phonetic matching of strings."
category = "main"
optional = false
python-versions = ">3.6"

[[package]]
name = "numpy"
version = "1.22.3"
description = "NumPy is the fundamental package for array computing with Python."
category = "main"
optional = false
python-versions = ">=3.8"

[[package]]
name = "packaging"
version = "21.3"
description = "Core utilities for Python packages"
category = "main"
optional = false
python-versions = ">=3.6"

[package.dependencies]
pyparsing = ">=2.0.2,<3.0.5 || >3.0.5"

[[package]]
name = "pyparsing"
version = "3.0.8"
description = "pyparsing module - Classes and methods to define and execute parsing grammars"
category = "main"
optional = false
python-versions = ">=3.6.8"

[package.extras]
diagrams = ["railroad-diagrams", "jinja2"]

[[package]]
name = "python-levenshtein"
version = "0.12.2"
description = "Python extension for computing string edit distances and similarities."
category = "main"
optional = false
python-versions = "*"

[[package]]
name = "pyxdameraulevenshtein"
version = "1.7.0"
description = "pyxDamerauLevenshtein implements the Damerau-Levenshtein (DL) edit distance algorithm for Python in Cython for high performance."
category = "main"
optional = false
python-versions = "*"

[[package]]
name = "textdistance"
version = "4.2.2"
description = "Compute distance between the two texts."
category = "main"
optional = false
python-versions = ">=3.5"

[package.dependencies]
abydos = {version = "*", optional = true, markers = "extra == \"extras\""}
jellyfish = {version = "*", optional = true, markers = "extra == \"extras\""}
numpy = {version = "*", optional = true, markers = "extra == \"extras\""}
python-Levenshtein = {version = "*", optional = true, markers = "extra == \"extras\""}
pyxDamerauLevenshtein = {version = "*", optional = true, markers = "extra == \"extras\""}

[package.extras]
dameraulevenshtein = ["jellyfish", "pyxdameraulevenshtein"]
hamming = ["python-levenshtein", "jellyfish", "distance", "abydos"]
jaro = ["python-levenshtein"]
jarowinkler = ["jellyfish"]
levenshtein = ["python-levenshtein"]
all = ["abydos", "jellyfish", "numpy", "python-levenshtein", "pyxdameraulevenshtein", "distance", "pylev", "py-stringmatching", "tabulate"]
benchmark = ["abydos", "jellyfish", "numpy", "python-levenshtein", "pyxdameraulevenshtein", "distance", "pylev", "py-stringmatching", "tabulate"]
benchmarks = ["abydos", "jellyfish", "numpy", "python-levenshtein", "pyxdameraulevenshtein", "distance", "pylev", "py-stringmatching", "tabulate"]
common = ["abydos", "jellyfish", "numpy", "python-levenshtein", "pyxdameraulevenshtein"]
extra = ["abydos", "jellyfish", "numpy", "python-levenshtein", "pyxdameraulevenshtein"]
extras = ["abydos", "jellyfish", "numpy", "python-levenshtein", "pyxdameraulevenshtein"]
test = ["hypothesis", "isort", "numpy", "pytest"]

[metadata]
lock-version = "1.1"
python-versions = "^3.9"
content-hash = "b1f82c37de083f8d976b369550c387eaffc768986b99bf89c5612970f96cea22"

[metadata.files]
abydos = [
    {file = "abydos-0.5.0-py2.py3-none-any.whl", hash = "sha256:fe758c8f8456a703b7637ab9ac49457c1461d1ee61c97b52a6d803a567f355e1"},
    {file = "abydos-0.5.0.tar.gz", hash = "sha256:4c02e84e18211ede6885e4347a93e64fe15b777bdce0d69ac5a8617a26baef4f"},
]
deprecation = [
    {file = "deprecation-2.1.0-py2.py3-none-any.whl", hash = "sha256:a10811591210e1fb0e768a8c25517cabeabcba6f0bf96564f8ff45189f90b14a"},
    {file = "deprecation-2.1.0.tar.gz", hash = "sha256:72b3bde64e5d778694b0cf68178aed03d15e15477116add3fb773e581f9518ff"},
]
jellyfish = [
    {file = "jellyfish-0.9.0-cp310-cp310-macosx_10_14_x86_64.whl", hash = "sha256:c0cbe9d294f75b4fa05c0a5cb7ca4c8e85297a3ec9bf66d13ed330190a86381f"},
    {file = "jellyfish-0.9.0-cp310-cp310-manylinux_2_17_aarch64.manylinux2014_aarch64.whl", hash = "sha256:a3b9fae0cba82ef5839d8f2e2275387807ccb6c3041fdc8e89bbcadaf09a5837"},
    {file = "jellyfish-0.9.0-cp310-cp310-win_amd64.whl", hash = "sha256:465a2109e16b87554aec7ddd4ba0c8798f2377f6f957aed30dc64ab46b47e703"},
    {file = "jellyfish-0.9.0-cp37-cp37m-macosx_10_14_x86_64.whl", hash = "sha256:35eefbbfb93aa82a4a4e5eafc3b866c3ac26418f064c4538c345b11cdebf2b5b"},
    {file = "jellyfish-0.9.0-cp37-cp37m-manylinux_2_17_aarch64.manylinux2014_aarch64.whl", hash = "sha256:96290b1e1acb30b2466112ba4ed9c7b511ac7028d7e9096b38558ea1f0484a98"},
    {file = "jellyfish-0.9.0-cp37-cp37m-win_amd64.whl", hash = "sha256:c891c1465679bc9c2d114f75364e3b4dadeb6959a37c3e3fa41bc7746a84e060"},
    {file = "jellyfish-0.9.0-cp38-cp38-macosx_10_14_x86_64.whl", hash = "sha256:cc68f01450290d5ad631f63917834788c178eebaa6efb8196319eea2f146ed70"},
    {file = "jellyfish-0.9.0-cp38-cp38-manylinux_2_17_aarch64.manylinux2014_aarch64.whl", hash = "sha256:3b6ffe2ab3d557892db1f87bb4846dfb7a697eba9248d6f2554555f998f4a265"},
    {file = "jellyfish-0.9.0-cp38-cp38-win_amd64.whl", hash = "sha256:514c9d9e69170ac2c3eff48ba02d4f03540538d63028b76ebc8a2cb589e8cdd0"},
    {file = "jellyfish-0.9.0-cp39-cp39-macosx_10_14_x86_64.whl", hash = "sha256:b682a6235d581669e6a9f0a6d716a6606bf42525ab90de4c6a49c36bfbdd73b4"},
    {file = "jellyfish-0.9.0-cp39-cp39-manylinux_2_17_aarch64.manylinux2014_aarch64.whl", hash = "sha256:954290c165511681aa9627e3c4305acf425942ad64e745ea56865cff8e0661a6"},
    {file = "jellyfish-0.9.0-cp39-cp39-win_amd64.whl", hash = "sha256:8759c6d34f1bea5860ab5807968399b9dd259c703f6c5071fcd5703bf7a00d99"},
    {file = "jellyfish-0.9.0.tar.gz", hash = "sha256:40c9a2ffd8bd3016f7611d424120442f627f56d518a106847dc93f0ead6ad79a"},
]
numpy = [
    {file = "numpy-1.22.3-cp310-cp310-macosx_10_14_x86_64.whl", hash = "sha256:92bfa69cfbdf7dfc3040978ad09a48091143cffb778ec3b03fa170c494118d75"},
    {file = "numpy-1.22.3-cp310-cp310-macosx_11_0_arm64.whl", hash = "sha256:8251ed96f38b47b4295b1ae51631de7ffa8260b5b087808ef09a39a9d66c97ab"},
    {file = "numpy-1.22.3-cp310-cp310-manylinux_2_17_aarch64.manylinux2014_aarch64.whl", hash = "sha256:48a3aecd3b997bf452a2dedb11f4e79bc5bfd21a1d4cc760e703c31d57c84b3e"},
    {file = "numpy-1.22.3-cp310-cp310-manylinux_2_17_x86_64.manylinux2014_x86_64.whl", hash = "sha256:a3bae1a2ed00e90b3ba5f7bd0a7c7999b55d609e0c54ceb2b076a25e345fa9f4"},
    {file = "numpy-1.22.3-cp310-cp310-win_amd64.whl", hash = "sha256:08d9b008d0156c70dc392bb3ab3abb6e7a711383c3247b410b39962263576cd4"},
    {file = "numpy-1.22.3-cp38-cp38-macosx_10_14_x86_64.whl", hash = "sha256:201b4d0552831f7250a08d3b38de0d989d6f6e4658b709a02a73c524ccc6ffce"},
    {file = "numpy-1.22.3-cp38-cp38-macosx_11_0_arm64.whl", hash = "sha256:f8c1f39caad2c896bc0018f699882b345b2a63708008be29b1f355ebf6f933fe"},
    {file = "numpy-1.22.3-cp38-cp38-manylinux_2_17_aarch64.manylinux2014_aarch64.whl", hash = "sha256:568dfd16224abddafb1cbcce2ff14f522abe037268514dd7e42c6776a1c3f8e5"},
    {file = "numpy-1.22.3-cp38-cp38-manylinux_2_17_x86_64.manylinux2014_x86_64.whl", hash = "sha256:3ca688e1b9b95d80250bca34b11a05e389b1420d00e87a0d12dc45f131f704a1"},
    {file = "numpy-1.22.3-cp38-cp38-win32.whl", hash = "sha256:e7927a589df200c5e23c57970bafbd0cd322459aa7b1ff73b7c2e84d6e3eae62"},
    {file = "numpy-1.22.3-cp38-cp38-win_amd64.whl", hash = "sha256:07a8c89a04997625236c5ecb7afe35a02af3896c8aa01890a849913a2309c676"},
    {file = "numpy-1.22.3-cp39-cp39-macosx_10_14_x86_64.whl", hash = "sha256:2c10a93606e0b4b95c9b04b77dc349b398fdfbda382d2a39ba5a822f669a0123"},
    {file = "numpy-1.22.3-cp39-cp39-macosx_11_0_arm64.whl", hash = "sha256:fade0d4f4d292b6f39951b6836d7a3c7ef5b2347f3c420cd9820a1d90d794802"},
    {file = "numpy-1.22.3-cp39-cp39-manylinux_2_17_aarch64.manylinux2014_aarch64.whl", hash = "sha256:5bfb1bb598e8229c2d5d48db1860bcf4311337864ea3efdbe1171fb0c5da515d"},
    {file = "numpy-1.22.3-cp39-cp39-manylinux_2_17_x86_64.manylinux2014_x86_64.whl", hash = "sha256:97098b95aa4e418529099c26558eeb8486e66bd1e53a6b606d684d0c3616b168"},
    {file = "numpy-1.22.3-cp39-cp39-win32.whl", hash = "sha256:fdf3c08bce27132395d3c3ba1503cac12e17282358cb4bddc25cc46b0aca07aa"},
    {file = "numpy-1.22.3-cp39-cp39-win_amd64.whl", hash = "sha256:639b54cdf6aa4f82fe37ebf70401bbb74b8508fddcf4797f9fe59615b8c5813a"},
    {file = "numpy-1.22.3-pp38-pypy38_pp73-manylinux_2_17_x86_64.manylinux2014_x86_64.whl", hash = "sha256:c34ea7e9d13a70bf2ab64a2532fe149a9aced424cd05a2c4ba662fd989e3e45f"},
    {file = "numpy-1.22.3.zip", hash = "sha256:dbc7601a3b7472d559dc7b933b18b4b66f9aa7452c120e87dfb33d02008c8a18"},
]
packaging = [
    {file = "packaging-21.3-py3-none-any.whl", hash = "sha256:ef103e05f519cdc783ae24ea4e2e0f508a9c99b2d4969652eed6a2e1ea5bd522"},
    {file = "packaging-21.3.tar.gz", hash = "sha256:dd47c42927d89ab911e606518907cc2d3a1f38bbd026385970643f9c5b8ecfeb"},
]
pyparsing = [
    {file = "pyparsing-3.0.8-py3-none-any.whl", hash = "sha256:ef7b523f6356f763771559412c0d7134753f037822dad1b16945b7b846f7ad06"},
    {file = "pyparsing-3.0.8.tar.gz", hash = "sha256:7bf433498c016c4314268d95df76c81b842a4cb2b276fa3312cfb1e1d85f6954"},
]
python-levenshtein = [
    {file = "python-Levenshtein-0.12.2.tar.gz", hash = "sha256:dc2395fbd148a1ab31090dd113c366695934b9e85fe5a4b2a032745efd0346f6"},
]
pyxdameraulevenshtein = [
    {file = "pyxDamerauLevenshtein-1.7.0-cp37-cp37m-macosx_10_9_x86_64.whl", hash = "sha256:6ff991d6e79ad01009fae0bf85f2b304eb33923f0e3ee265448d880b77d70e8c"},
    {file = "pyxDamerauLevenshtein-1.7.0.tar.gz", hash = "sha256:0eb41e425843df11dea4cf428060cf9a149d6d19352dcd89189bc771a424e477"},
]
textdistance = [
    {file = "textdistance-4.2.2-py3-none-any.whl", hash = "sha256:b278ad944525e5beb117af90d72d579225eb2d20b26f78d4c13fd96514174d98"},
    {file = "textdistance-4.2.2.tar.gz", hash = "sha256:a43bb6f71dcccd3fc2060065c9513a7927879680512889749fd1fd800c4bad8e"},
]
